
Microsoft Visual Studio Solution File, Format Version 12.00
# Visual Studio Version 16
VisualStudioVersion = 16.0.30413.136
MinimumVisualStudioVersion = 10.0.40219.1
Project("{FAE04EC0-301F-11D3-BF4B-00C04F79EFBC}") = "bank", "bank\bank.csproj", "{6C7D90FB-C286-4052-8257-D48EE33843CC}"
EndProject
Global
	GlobalSection(SolutionConfigurationPlatforms) = preSolution
		Debug|Any CPU = Debug|Any CPU
		Release|Any CPU = Release|Any CPU
	EndGlobalSection
	GlobalSection(ProjectConfigurationPlatforms) = postSolution
		{6C7D90FB-C286-4052-8257-D48EE33843CC}.Debug|Any CPU.ActiveCfg = Debug|Any CPU
		{6C7D90FB-C286-4052-8257-D48EE33843CC}.Debug|Any CPU.Build.0 = Debug|Any CPU
		{6C7D90FB-C286-4052-8257-D48EE33843CC}.Release|Any CPU.ActiveCfg = Release|Any CPU
		{6C7D90FB-C286-4052-8257-D48EE33843CC}.Release|Any CPU.Build.0 = Release|Any CPU
	EndGlobalSection
	GlobalSection(SolutionProperties) = preSolution
		HideSolutionNode = FALSE
	EndGlobalSection
	GlobalSection(ExtensibilityGlobals) = postSolution
		SolutionGuid = {D512D584-F418-43D7-BBCF-352750ED8D04}
	EndGlobalSection
EndGlobal
